
Microsoft Visual Studio Solution File, Format Version 12.00
# Visual Studio Version 17
VisualStudioVersion = 17.10.35027.167
MinimumVisualStudioVersion = 10.0.40219.1
Project("{8BC9CEB8-8B4A-11D0-8D11-00A0C91BC942}") = "Env_001", "Env_001\Env_001.vcxproj", "{95DAC1BD-56E9-401F-8766-CD163C639785}"
EndProject
Project("{8BC9CEB8-8B4A-11D0-8D11-00A0C91BC942}") = "Env_002", "Env_002\Env_002.vcxproj", "{ED128534-3A86-4AE2-B931-642AB1D69C81}"
EndProject
Project("{8BC9CEB8-8B4A-11D0-8D11-00A0C91BC942}") = "Wrapper", "Wrapper\Wrapper.vcxproj", "{A5369ECD-44B6-410F-9CEA-817DBD1CD1BC}"
EndProject
Project("{8BC9CEB8-8B4A-11D0-8D11-00A0C91BC942}") = "Test", "Test\Test.vcxproj", "{93C7F034-AC4B-4878-8675-EAF352D69F9F}"
EndProject
Project("{FAE04EC0-301F-11D3-BF4B-00C04F79EFBC}") = "GridMaker", "GridMaker\GridMaker.csproj", "{A8DB8561-2C50-40E3-BD29-7515B55A8DD6}"
EndProject
Project("{8BC9CEB8-8B4A-11D0-8D11-00A0C91BC942}") = "Env_003", "Env_003\Env_003.vcxproj", "{0AA96273-5FEC-40E1-AB2B-0571BD7088B4}"
EndProject
Global
	GlobalSection(SolutionConfigurationPlatforms) = preSolution
		Debug|Any CPU = Debug|Any CPU
		Debug|x64 = Debug|x64
		Debug|x86 = Debug|x86
		Release|Any CPU = Release|Any CPU
		Release|x64 = Release|x64
		Release|x86 = Release|x86
	EndGlobalSection
	GlobalSection(ProjectConfigurationPlatforms) = postSolution
		{95DAC1BD-56E9-401F-8766-CD163C639785}.Debug|Any CPU.ActiveCfg = Debug|x64
		{95DAC1BD-56E9-401F-8766-CD163C639785}.Debug|Any CPU.Build.0 = Debug|x64
		{95DAC1BD-56E9-401F-8766-CD163C639785}.Debug|x64.ActiveCfg = Debug|x64
		{95DAC1BD-56E9-401F-8766-CD163C639785}.Debug|x64.Build.0 = Debug|x64
		{95DAC1BD-56E9-401F-8766-CD163C639785}.Debug|x86.ActiveCfg = Debug|Win32
		{95DAC1BD-56E9-401F-8766-CD163C639785}.Debug|x86.Build.0 = Debug|Win32
		{95DAC1BD-56E9-401F-8766-CD163C639785}.Release|Any CPU.ActiveCfg = Release|x64
		{95DAC1BD-56E9-401F-8766-CD163C639785}.Release|Any CPU.Build.0 = Release|x64
		{95DAC1BD-56E9-401F-8766-CD163C639785}.Release|x64.ActiveCfg = Release|x64
		{95DAC1BD-56E9-401F-8766-CD163C639785}.Release|x64.Build.0 = Release|x64
		{95DAC1BD-56E9-401F-8766-CD163C639785}.Release|x86.ActiveCfg = Release|Win32
		{95DAC1BD-56E9-401F-8766-CD163C639785}.Release|x86.Build.0 = Release|Win32
		{ED128534-3A86-4AE2-B931-642AB1D69C81}.Debug|Any CPU.ActiveCfg = Debug|x64
		{ED128534-3A86-4AE2-B931-642AB1D69C81}.Debug|Any CPU.Build.0 = Debug|x64
		{ED128534-3A86-4AE2-B931-642AB1D69C81}.Debug|x64.ActiveCfg = Debug|x64
		{ED128534-3A86-4AE2-B931-642AB1D69C81}.Debug|x64.Build.0 = Debug|x64
		{ED128534-3A86-4AE2-B931-642AB1D69C81}.Debug|x86.ActiveCfg = Debug|Win32
		{ED128534-3A86-4AE2-B931-642AB1D69C81}.Debug|x86.Build.0 = Debug|Win32
		{ED128534-3A86-4AE2-B931-642AB1D69C81}.Release|Any CPU.ActiveCfg = Release|x64
		{ED128534-3A86-4AE2-B931-642AB1D69C81}.Release|Any CPU.Build.0 = Release|x64
		{ED128534-3A86-4AE2-B931-642AB1D69C81}.Release|x64.ActiveCfg = Release|x64
		{ED128534-3A86-4AE2-B931-642AB1D69C81}.Release|x64.Build.0 = Release|x64
		{ED128534-3A86-4AE2-B931-642AB1D69C81}.Release|x86.ActiveCfg = Release|Win32
		{ED128534-3A86-4AE2-B931-642AB1D69C81}.Release|x86.Build.0 = Release|Win32
		{A5369ECD-44B6-410F-9CEA-817DBD1CD1BC}.Debug|Any CPU.ActiveCfg = Debug|x64
		{A5369ECD-44B6-410F-9CEA-817DBD1CD1BC}.Debug|Any CPU.Build.0 = Debug|x64
		{A5369ECD-44B6-410F-9CEA-817DBD1CD1BC}.Debug|x64.ActiveCfg = Debug|x64
		{A5369ECD-44B6-410F-9CEA-817DBD1CD1BC}.Debug|x64.Build.0 = Debug|x64
		{A5369ECD-44B6-410F-9CEA-817DBD1CD1BC}.Debug|x86.ActiveCfg = Debug|Win32
		{A5369ECD-44B6-410F-9CEA-817DBD1CD1BC}.Debug|x86.Build.0 = Debug|Win32
		{A5369ECD-44B6-410F-9CEA-817DBD1CD1BC}.Release|Any CPU.ActiveCfg = Release|x64
		{A5369ECD-44B6-410F-9CEA-817DBD1CD1BC}.Release|Any CPU.Build.0 = Release|x64
		{A5369ECD-44B6-410F-9CEA-817DBD1CD1BC}.Release|x64.ActiveCfg = Release|x64
		{A5369ECD-44B6-410F-9CEA-817DBD1CD1BC}.Release|x64.Build.0 = Release|x64
		{A5369ECD-44B6-410F-9CEA-817DBD1CD1BC}.Release|x86.ActiveCfg = Release|Win32
		{A5369ECD-44B6-410F-9CEA-817DBD1CD1BC}.Release|x86.Build.0 = Release|Win32
		{93C7F034-AC4B-4878-8675-EAF352D69F9F}.Debug|Any CPU.ActiveCfg = Debug|x64
		{93C7F034-AC4B-4878-8675-EAF352D69F9F}.Debug|Any CPU.Build.0 = Debug|x64
		{93C7F034-AC4B-4878-8675-EAF352D69F9F}.Debug|x64.ActiveCfg = Debug|x64
		{93C7F034-AC4B-4878-8675-EAF352D69F9F}.Debug|x64.Build.0 = Debug|x64
		{93C7F034-AC4B-4878-8675-EAF352D69F9F}.Debug|x86.ActiveCfg = Debug|Win32
		{93C7F034-AC4B-4878-8675-EAF352D69F9F}.Debug|x86.Build.0 = Debug|Win32
		{93C7F034-AC4B-4878-8675-EAF352D69F9F}.Release|Any CPU.ActiveCfg = Release|x64
		{93C7F034-AC4B-4878-8675-EAF352D69F9F}.Release|Any CPU.Build.0 = Release|x64
		{93C7F034-AC4B-4878-8675-EAF352D69F9F}.Release|x64.ActiveCfg = Release|x64
		{93C7F034-AC4B-4878-8675-EAF352D69F9F}.Release|x64.Build.0 = Release|x64
		{93C7F034-AC4B-4878-8675-EAF352D69F9F}.Release|x86.ActiveCfg = Release|Win32
		{93C7F034-AC4B-4878-8675-EAF352D69F9F}.Release|x86.Build.0 = Release|Win32
		{A8DB8561-2C50-40E3-BD29-7515B55A8DD6}.Debug|Any CPU.ActiveCfg = Debug|Any CPU
		{A8DB8561-2C50-40E3-BD29-7515B55A8DD6}.Debug|Any CPU.Build.0 = Debug|Any CPU
		{A8DB8561-2C50-40E3-BD29-7515B55A8DD6}.Debug|x64.ActiveCfg = Debug|Any CPU
		{A8DB8561-2C50-40E3-BD29-7515B55A8DD6}.Debug|x64.Build.0 = Debug|Any CPU
		{A8DB8561-2C50-40E3-BD29-7515B55A8DD6}.Debug|x86.ActiveCfg = Debug|Any CPU
		{A8DB8561-2C50-40E3-BD29-7515B55A8DD6}.Debug|x86.Build.0 = Debug|Any CPU
		{A8DB8561-2C50-40E3-BD29-7515B55A8DD6}.Release|Any CPU.ActiveCfg = Release|Any CPU
		{A8DB8561-2C50-40E3-BD29-7515B55A8DD6}.Release|Any CPU.Build.0 = Release|Any CPU
		{A8DB8561-2C50-40E3-BD29-7515B55A8DD6}.Release|x64.ActiveCfg = Release|Any CPU
		{A8DB8561-2C50-40E3-BD29-7515B55A8DD6}.Release|x64.Build.0 = Release|Any CPU
		{A8DB8561-2C50-40E3-BD29-7515B55A8DD6}.Release|x86.ActiveCfg = Release|Any CPU
		{A8DB8561-2C50-40E3-BD29-7515B55A8DD6}.Release|x86.Build.0 = Release|Any CPU
		{0AA96273-5FEC-40E1-AB2B-0571BD7088B4}.Debug|Any CPU.ActiveCfg = Debug|x64
		{0AA96273-5FEC-40E1-AB2B-0571BD7088B4}.Debug|Any CPU.Build.0 = Debug|x64
		{0AA96273-5FEC-40E1-AB2B-0571BD7088B4}.Debug|x64.ActiveCfg = Debug|x64
		{0AA96273-5FEC-40E1-AB2B-0571BD7088B4}.Debug|x64.Build.0 = Debug|x64
		{0AA96273-5FEC-40E1-AB2B-0571BD7088B4}.Debug|x86.ActiveCfg = Debug|Win32
		{0AA96273-5FEC-40E1-AB2B-0571BD7088B4}.Debug|x86.Build.0 = Debug|Win32
		{0AA96273-5FEC-40E1-AB2B-0571BD7088B4}.Release|Any CPU.ActiveCfg = Release|x64
		{0AA96273-5FEC-40E1-AB2B-0571BD7088B4}.Release|Any CPU.Build.0 = Release|x64
		{0AA96273-5FEC-40E1-AB2B-0571BD7088B4}.Release|x64.ActiveCfg = Release|x64
		{0AA96273-5FEC-40E1-AB2B-0571BD7088B4}.Release|x64.Build.0 = Release|x64
		{0AA96273-5FEC-40E1-AB2B-0571BD7088B4}.Release|x86.ActiveCfg = Release|Win32
		{0AA96273-5FEC-40E1-AB2B-0571BD7088B4}.Release|x86.Build.0 = Release|Win32
	EndGlobalSection
	GlobalSection(SolutionProperties) = preSolution
		HideSolutionNode = FALSE
	EndGlobalSection
	GlobalSection(ExtensibilityGlobals) = postSolution
		SolutionGuid = {7A7786BC-1BEF-4377-9E18-C4C9B250F020}
	EndGlobalSection
EndGlobal
